
Microsoft Visual Studio Solution File, Format Version 12.00
# Visual Studio 15
VisualStudioVersion = 15.0.28307.168
MinimumVisualStudioVersion = 10.0.40219.1
Project("{FAE04EC0-301F-11D3-BF4B-00C04F79EFBC}") = "TareaArrays", "TareaArrays\TareaArrays.csproj", "{A0FBC472-1571-471A-972F-FE8C37169533}"
EndProject
Global
	GlobalSection(SolutionConfigurationPlatforms) = preSolution
		Debug|Any CPU = Debug|Any CPU
		Release|Any CPU = Release|Any CPU
	EndGlobalSection
	GlobalSection(ProjectConfigurationPlatforms) = postSolution
		{A0FBC472-1571-471A-972F-FE8C37169533}.Debug|Any CPU.ActiveCfg = Debug|Any CPU
		{A0FBC472-1571-471A-972F-FE8C37169533}.Debug|Any CPU.Build.0 = Debug|Any CPU
		{A0FBC472-1571-471A-972F-FE8C37169533}.Release|Any CPU.ActiveCfg = Release|Any CPU
		{A0FBC472-1571-471A-972F-FE8C37169533}.Release|Any CPU.Build.0 = Release|Any CPU
	EndGlobalSection
	GlobalSection(SolutionProperties) = preSolution
		HideSolutionNode = FALSE
	EndGlobalSection
	GlobalSection(ExtensibilityGlobals) = postSolution
		SolutionGuid = {B9BF0BFC-64FE-41B9-9663-9D497B56BF8F}
	EndGlobalSection
EndGlobal
